// !$*UTF8*$!
{
	archiveVersion = 1;
	classes = {
	};
	objectVersion = 77;
	objects = {

/* Begin PBXBuildFile section */
		024F3C0E7D4784540FDC0A96 /* RevenueCat in Frameworks */ = {isa = PBXBuildFile; productRef = 3862F42F7A39E887709274F3 /* RevenueCat */; };
		0295F7D904CD868EA1F249C2 /* ExerciseListViewModel.swift in Sources */ = {isa = PBXBuildFile; fileRef = 7B4AB74E97EA7F7334488DC7 /* ExerciseListViewModel.swift */; };
		04C8146BDF8BDDBEEDE88C32 /* PlanCardView.swift in Sources */ = {isa = PBXBuildFile; fileRef = 71788B066F3B9879835D8D19 /* PlanCardView.swift */; };
		0B03A3DE5E415B29DB2CC5D3 /* InteractiveDemoPage.swift in Sources */ = {isa = PBXBuildFile; fileRef = F18EDC80AAE83E2C194E8272 /* InteractiveDemoPage.swift */; };
		0B813F2F5B8F05FD5BB365D5 /* ExerciseDescriptions.swift in Sources */ = {isa = PBXBuildFile; fileRef = 964A1D43DEFE1F775E05AE10 /* ExerciseDescriptions.swift */; };
		121353B3B5BEBF0039AAFB7A /* MuscleMapWidgetExtension.appex in Embed Foundation Extensions */ = {isa = PBXBuildFile; fileRef = 115F934EE7680215C2F165C1 /* MuscleMapWidgetExtension.appex */; settings = {ATTRIBUTES = (RemoveHeadersOnCopy, ); }; };
		13AD3003C74665609527A9FC /* MuscleDetailView.swift in Sources */ = {isa = PBXBuildFile; fileRef = B1C20CB4DE1E596D9D14A622 /* MuscleDetailView.swift */; };
		199105C9D79242C784284B51 /* FavoritesManager.swift in Sources */ = {isa = PBXBuildFile; fileRef = B22DC43736789BB61CD239BD /* FavoritesManager.swift */; };
		1A8C4925B1A20E8513EF6D40 /* RecentExercisesManager.swift in Sources */ = {isa = PBXBuildFile; fileRef = 0ADE5F383177BBB6409F7D61 /* RecentExercisesManager.swift */; };
		1AA94FF61CC9E6126D159F9F /* CSVImportView.swift in Sources */ = {isa = PBXBuildFile; fileRef = 6C301C32BCB89E6F1B5349A6 /* CSVImportView.swift */; };
		1B78DB667BFDD3E8AAB15FA6 /* PurchaseManager.swift in Sources */ = {isa = PBXBuildFile; fileRef = 2E62C3348AF8D24E0BA19F31 /* PurchaseManager.swift */; };
		210539EBA932CACE31A3BC98 /* HistoryViewModel.swift in Sources */ = {isa = PBXBuildFile; fileRef = 3BE171442748D8639DE3CD7C /* HistoryViewModel.swift */; };
		22D27F27F1A8718826A59974 /* DayWorkoutDetailView.swift in Sources */ = {isa = PBXBuildFile; fileRef = 6EA3B4ECB770C8953CB55232 /* DayWorkoutDetailView.swift */; };
		2B6CBAF613691D5E5D7C5450 /* RecoveryCalculatorTests.swift in Sources */ = {isa = PBXBuildFile; fileRef = 300D254EBBCA6CC21F07DD9B /* RecoveryCalculatorTests.swift */; };
		31E876C2E3253AC0F79BAF5A /* UserProfile.swift in Sources */ = {isa = PBXBuildFile; fileRef = B8A4C5A76D596FFBABB6E47D /* UserProfile.swift */; };
		329A3AFB2F0294F140FFCC0C /* ExerciseDefinition.swift in Sources */ = {isa = PBXBuildFile; fileRef = C775B710D458A8600002BACD /* ExerciseDefinition.swift */; };
		34E26BD8FEF9FD855A6420D4 /* WorkoutSet.swift in Sources */ = {isa = PBXBuildFile; fileRef = 7C7CD00328BEE59832B45528 /* WorkoutSet.swift */; };
		38FF8BD300356973DD5C3165 /* CSVParser.swift in Sources */ = {isa = PBXBuildFile; fileRef = 281B4D0C19399AF581AAEC00 /* CSVParser.swift */; };
		3ADCDEAFEA6C0E962EC5C3AD /* ImportDataConverter.swift in Sources */ = {isa = PBXBuildFile; fileRef = 7BCC6B908DD79252499174F4 /* ImportDataConverter.swift */; };
		3EDDCA712A0B8E4A7415899B /* LocalizationManager.swift in Sources */ = {isa = PBXBuildFile; fileRef = 91C8FDD5228CC86C3A148EBA /* LocalizationManager.swift */; };
		40E81C3981BED26536D6A824 /* MuscleStimulation.swift in Sources */ = {isa = PBXBuildFile; fileRef = 0C736DECFDE0A06C7CA97F4E /* MuscleStimulation.swift */; };
		500CF787262050CC495BF14D /* MuscleTests.swift in Sources */ = {isa = PBXBuildFile; fileRef = 3FF01BFBC85F09E4AC3175C4 /* MuscleTests.swift */; };
		592F06EEC6A1A7A42C296BC6 /* WidgetDataProvider.swift in Sources */ = {isa = PBXBuildFile; fileRef = FF93A0C1642FBC94B4E365CC /* WidgetDataProvider.swift */; };
		5B20EB381EF4E9A9A02FCDCD /* OnboardingV2View.swift in Sources */ = {isa = PBXBuildFile; fileRef = F2D7479246A925801D0814DB /* OnboardingV2View.swift */; };
		5E36AADEF8689212B83BF6FC /* exercises.json in Resources */ = {isa = PBXBuildFile; fileRef = F80DF745A0945BC8BB21285C /* exercises.json */; };
		61C75BB37FF6157166400E5E /* HomeView.swift in Sources */ = {isa = PBXBuildFile; fileRef = C975A916E9A16C00A07248A3 /* HomeView.swift */; };
		61DFE674FC9B8C0150AE7A36 /* PaywallView.swift in Sources */ = {isa = PBXBuildFile; fileRef = FAB37FE4EBE611ED62380668 /* PaywallView.swift */; };
		63FA9C415DEC4B6A42C70AB1 /* PRManager.swift in Sources */ = {isa = PBXBuildFile; fileRef = B04E06EA374E74AAD225DB8C /* PRManager.swift */; };
		6BB577A4DE391007F041935A /* ProFeatureBanner.swift in Sources */ = {isa = PBXBuildFile; fileRef = E615DA1A8B9A383A3E11AB7E /* ProFeatureBanner.swift */; };
		70F5FA46B8F7F9CBDC1617AF /* ColorExtensions.swift in Sources */ = {isa = PBXBuildFile; fileRef = E6E1885660D1D955C88C496C /* ColorExtensions.swift */; };
		76241706AA8DE99609DFF879 /* ContentView.swift in Sources */ = {isa = PBXBuildFile; fileRef = 6685BDAE783FAC76CA211DC3 /* ContentView.swift */; };
		763D578A9944920FDE1357C4 /* MuscleDetailViewModel.swift in Sources */ = {isa = PBXBuildFile; fileRef = 738EF1DB3A50EA9C3CB89D68 /* MuscleDetailViewModel.swift */; };
		76650C872A5850F096495974 /* KeyManager.swift in Sources */ = {isa = PBXBuildFile; fileRef = BDA68A5C4978E543B4AC723F /* KeyManager.swift */; };
		7E1CE27E0D10E8DA49AE9751 /* Localizable.xcstrings in Resources */ = {isa = PBXBuildFile; fileRef = E23422ECC0DDBFE11BAD25A4 /* Localizable.xcstrings */; };
		7E3C09EC3460040859630DA1 /* ModelLoader.swift in Sources */ = {isa = PBXBuildFile; fileRef = FB8FC4CC2B04B8D324DD7100 /* ModelLoader.swift */; };
		7F242B9D40CD2865B3B96CFD /* MuscleMapView.swift in Sources */ = {isa = PBXBuildFile; fileRef = EBAB10D6B486880EC3819BFF /* MuscleMapView.swift */; };
		7F5C2AA0DE80755007D8051B /* MonthlyCalendarView.swift in Sources */ = {isa = PBXBuildFile; fileRef = BEED42233C7340488A69CE9E /* MonthlyCalendarView.swift */; };
		8506B6E4EE502AC694AFB9FD /* MuscleMapWidgetBundle.swift in Sources */ = {isa = PBXBuildFile; fileRef = D885F47DFEA8C01A9E4EFA0A /* MuscleMapWidgetBundle.swift */; };
		90375684DC26B54E8CBBDF6F /* Muscle.swift in Sources */ = {isa = PBXBuildFile; fileRef = 3DCDB1B0B9F16FF2EB0762C3 /* Muscle.swift */; };
		9450B2AC9B2EB2FB4943E5C7 /* HomeViewModel.swift in Sources */ = {isa = PBXBuildFile; fileRef = 0A22EE6380A0F51DCD1534DD /* HomeViewModel.swift */; };
		96EA90BACB00F34DF6F87FE2 /* DateExtensions.swift in Sources */ = {isa = PBXBuildFile; fileRef = 5C0CF9B8BC7541A10EAB6FF9 /* DateExtensions.swift */; };
		9B5391DCF0847DDCF18CF0AA /* WorkoutStartView.swift in Sources */ = {isa = PBXBuildFile; fileRef = BC330D37D4C1CA40ADDDCA05 /* WorkoutStartView.swift */; };
		9B6E1B29E00C1268526C82B4 /* KeychainHelper.swift in Sources */ = {isa = PBXBuildFile; fileRef = A2A4D34488563E474C78D571 /* KeychainHelper.swift */; };
		9B9F58B7752BD0E144ECA299 /* exercises.json in Resources */ = {isa = PBXBuildFile; fileRef = F80DF745A0945BC8BB21285C /* exercises.json */; };
		9BB6E56E51225B390FB48C6A /* MiniMuscleMapView.swift in Sources */ = {isa = PBXBuildFile; fileRef = 37235804F653F402796DA59A /* MiniMuscleMapView.swift */; };
		9E19E62684DDE3E441FA5045 /* CSVParserTests.swift in Sources */ = {isa = PBXBuildFile; fileRef = C29F5D1D29295EC6FA3E7A83 /* CSVParserTests.swift */; };
		A2FD9918BD457E18D8B442D4 /* WorkoutRepository.swift in Sources */ = {isa = PBXBuildFile; fileRef = 36B9C0C525A22F0F0298F099 /* WorkoutRepository.swift */; };
		A7A05B6CD6F1B30E95372267 /* Muscle3DView.swift in Sources */ = {isa = PBXBuildFile; fileRef = 467C46635C48C115FF535C56 /* Muscle3DView.swift */; };
		A901C9FC54EE9564CA5F9E52 /* MuscleStateRepository.swift in Sources */ = {isa = PBXBuildFile; fileRef = F3934B8352158E0A999B4FCC /* MuscleStateRepository.swift */; };
		AAB9858A19C0D58352C5E60F /* WorkoutViewModel.swift in Sources */ = {isa = PBXBuildFile; fileRef = A8FDEA0217A7E8F2762673A4 /* WorkoutViewModel.swift */; };
		BB7774B470B91F871DD62476 /* WidgetSharedTypes.swift in Sources */ = {isa = PBXBuildFile; fileRef = 9098D5CD12276919C4D8E50B /* WidgetSharedTypes.swift */; };
		BE9FEC7AFF416CF1792DB135 /* ExercisePickerView.swift in Sources */ = {isa = PBXBuildFile; fileRef = 2B00A2B4E368518F02FC2485 /* ExercisePickerView.swift */; };
		C90393E91463DBAE83F8D5FD /* MuscleMapWidget.swift in Sources */ = {isa = PBXBuildFile; fileRef = 40B76814AFC279384771D580 /* MuscleMapWidget.swift */; };
		CA8491AB2483B03927D67CF3 /* MarkdownParserTests.swift in Sources */ = {isa = PBXBuildFile; fileRef = 49396567D4FF1B05B7DCE11D /* MarkdownParserTests.swift */; };
		CC474F18B50B9B48AC070A90 /* Assets.xcassets in Resources */ = {isa = PBXBuildFile; fileRef = 6B6EB19ED49B4292C0046F8C /* Assets.xcassets */; };
		CEB8E5A272EE81B64A0B086B /* RecoveryCalculator.swift in Sources */ = {isa = PBXBuildFile; fileRef = 97C1051BF6F39CF7C365258E /* RecoveryCalculator.swift */; };
		D0FC5529011C1DCB4F1673F0 /* SettingsView.swift in Sources */ = {isa = PBXBuildFile; fileRef = 181666C4D2D2CA1B1AE60F29 /* SettingsView.swift */; };
		D29CB3836A2BE991F3BB8B6D /* CallToActionPage.swift in Sources */ = {isa = PBXBuildFile; fileRef = B9A5D4E86A95308B2CB88291 /* CallToActionPage.swift */; };
		D352F429F17B8DB95A9E9867 /* MenuSuggestionService.swift in Sources */ = {isa = PBXBuildFile; fileRef = E75A1388B2C55CA9AA59D915 /* MenuSuggestionService.swift */; };
		D5D041A55602AEA19D5DE763 /* WidgetMusclePathData.swift in Sources */ = {isa = PBXBuildFile; fileRef = 1D4AC14E973BEC3D403032D7 /* WidgetMusclePathData.swift */; };
		DF796617F303D8007A723F6F /* OnboardingView.swift in Sources */ = {isa = PBXBuildFile; fileRef = A7665A2A3A6E18C8037F80DD /* OnboardingView.swift */; };
		E10A055E0FFA049A2DF90EC3 /* MusclePathData.swift in Sources */ = {isa = PBXBuildFile; fileRef = 31B33A3A61D3A9D162BDD741 /* MusclePathData.swift */; };
		E6F2BFEF917D260F4DDCB3A0 /* PersonalizationPage.swift in Sources */ = {isa = PBXBuildFile; fileRef = 4A2D2051DFF145ACA4958AD6 /* PersonalizationPage.swift */; };
		E7852DA6B42B8F29063D5287 /* WorkoutCompletionView.swift in Sources */ = {isa = PBXBuildFile; fileRef = 36BBC597C6AB7DF2637FFB6A /* WorkoutCompletionView.swift */; };
		E7CED2B85A00E807CE175FEC /* ValuePropositionPage.swift in Sources */ = {isa = PBXBuildFile; fileRef = 80F2E4EB6EF5B3921B9BD78D /* ValuePropositionPage.swift */; };
		E846C758C23553AB728831B0 /* SubscriptionManager.swift in Sources */ = {isa = PBXBuildFile; fileRef = 6DFCD8E07A44A61C9FFC4430 /* SubscriptionManager.swift */; };
		ED0627432704DF5E78FB158D /* HistoryView.swift in Sources */ = {isa = PBXBuildFile; fileRef = 15716239666A23DA22D539B5 /* HistoryView.swift */; };
		ED19BBE40B6D532A92D3D9CC /* HapticManager.swift in Sources */ = {isa = PBXBuildFile; fileRef = BF5C6313CCA5C93FA15D5153 /* HapticManager.swift */; };
		EF007E76A67290DF3E3AEFCE /* ExerciseStoreTests.swift in Sources */ = {isa = PBXBuildFile; fileRef = 3F61D31BBAC55B5215E6A2B8 /* ExerciseStoreTests.swift */; };
		F2C695F1934BDDC88EE9917E /* ColorCalculator.swift in Sources */ = {isa = PBXBuildFile; fileRef = 8F49E2D1636F7157790215EB /* ColorCalculator.swift */; };
		F38C998074EF9135F36A6021 /* ExerciseLibraryView.swift in Sources */ = {isa = PBXBuildFile; fileRef = 7E458C581CD4AD232E9417DB /* ExerciseLibraryView.swift */; };
		F4FF8D32B70356D6B80EEBB6 /* ExerciseDetailView.swift in Sources */ = {isa = PBXBuildFile; fileRef = A641D503120435354F8CCA29 /* ExerciseDetailView.swift */; };
		F6CD70D8284DB811527863D6 /* ExerciseMuscleMapView.swift in Sources */ = {isa = PBXBuildFile; fileRef = 0BE68481B1986B8E34B2034B /* ExerciseMuscleMapView.swift */; };
		F773B96F66C58CFF0131552A /* ExerciseStore.swift in Sources */ = {isa = PBXBuildFile; fileRef = E800074C8D53A0356F8230BF /* ExerciseStore.swift */; };
		F8B759440AEB48F6F0A4A713 /* WorkoutSession.swift in Sources */ = {isa = PBXBuildFile; fileRef = 81B7DA2C8455B68565F303F4 /* WorkoutSession.swift */; };
		F98BA2406BA88FC5D1615280 /* MuscleMapApp.swift in Sources */ = {isa = PBXBuildFile; fileRef = 319021B1AFBCA2216D981E45 /* MuscleMapApp.swift */; };
		F9B8AE0A0B4948E3C4E7D136 /* AppState.swift in Sources */ = {isa = PBXBuildFile; fileRef = 25DC4C0963E665A4F3D621EA /* AppState.swift */; };
		FB26449C7ED9301DEE2D9098 /* PaywallFeatureRow.swift in Sources */ = {isa = PBXBuildFile; fileRef = 7E4FAB5CDEC2FAD8548A0214 /* PaywallFeatureRow.swift */; };
/* End PBXBuildFile section */

/* Begin PBXContainerItemProxy section */
		369197E4945187ED57E89180 /* PBXContainerItemProxy */ = {
			isa = PBXContainerItemProxy;
			containerPortal = 40DD13D39E6CE44FF2E8E223 /* Project object */;
			proxyType = 1;
			remoteGlobalIDString = F177B865909BD68FBBBBE8A0;
			remoteInfo = MuscleMap;
		};
		64252CF08476442374A61572 /* PBXContainerItemProxy */ = {
			isa = PBXContainerItemProxy;
			containerPortal = 40DD13D39E6CE44FF2E8E223 /* Project object */;
			proxyType = 1;
			remoteGlobalIDString = 56C129BCC950E5F3990572EB;
			remoteInfo = MuscleMapWidgetExtension;
		};
/* End PBXContainerItemProxy section */

/* Begin PBXCopyFilesBuildPhase section */
		60A3D54682B667879073056C /* Embed Foundation Extensions */ = {
			isa = PBXCopyFilesBuildPhase;
			buildActionMask = 2147483647;
			dstPath = "";
			dstSubfolderSpec = 13;
			files = (
				121353B3B5BEBF0039AAFB7A /* MuscleMapWidgetExtension.appex in Embed Foundation Extensions */,
			);
			name = "Embed Foundation Extensions";
			runOnlyForDeploymentPostprocessing = 0;
		};
/* End PBXCopyFilesBuildPhase section */

/* Begin PBXFileReference section */
		0A22EE6380A0F51DCD1534DD /* HomeViewModel.swift */ = {isa = PBXFileReference; lastKnownFileType = sourcecode.swift; path = HomeViewModel.swift; sourceTree = "<group>"; };
		0ADE5F383177BBB6409F7D61 /* RecentExercisesManager.swift */ = {isa = PBXFileReference; lastKnownFileType = sourcecode.swift; path = RecentExercisesManager.swift; sourceTree = "<group>"; };
		0BE68481B1986B8E34B2034B /* ExerciseMuscleMapView.swift */ = {isa = PBXFileReference; lastKnownFileType = sourcecode.swift; path = ExerciseMuscleMapView.swift; sourceTree = "<group>"; };
		0C736DECFDE0A06C7CA97F4E /* MuscleStimulation.swift */ = {isa = PBXFileReference; lastKnownFileType = sourcecode.swift; path = MuscleStimulation.swift; sourceTree = "<group>"; };
		115F934EE7680215C2F165C1 /* MuscleMapWidgetExtension.appex */ = {isa = PBXFileReference; includeInIndex = 0; lastKnownFileType = "wrapper.app-extension"; path = MuscleMapWidgetExtension.appex; sourceTree = BUILT_PRODUCTS_DIR; };
		15716239666A23DA22D539B5 /* HistoryView.swift */ = {isa = PBXFileReference; lastKnownFileType = sourcecode.swift; path = HistoryView.swift; sourceTree = "<group>"; };
		181666C4D2D2CA1B1AE60F29 /* SettingsView.swift */ = {isa = PBXFileReference; lastKnownFileType = sourcecode.swift; path = SettingsView.swift; sourceTree = "<group>"; };
		1D4AC14E973BEC3D403032D7 /* WidgetMusclePathData.swift */ = {isa = PBXFileReference; lastKnownFileType = sourcecode.swift; path = WidgetMusclePathData.swift; sourceTree = "<group>"; };
		25DC4C0963E665A4F3D621EA /* AppState.swift */ = {isa = PBXFileReference; lastKnownFileType = sourcecode.swift; path = AppState.swift; sourceTree = "<group>"; };
		281B4D0C19399AF581AAEC00 /* CSVParser.swift */ = {isa = PBXFileReference; lastKnownFileType = sourcecode.swift; path = CSVParser.swift; sourceTree = "<group>"; };
		2B00A2B4E368518F02FC2485 /* ExercisePickerView.swift */ = {isa = PBXFileReference; lastKnownFileType = sourcecode.swift; path = ExercisePickerView.swift; sourceTree = "<group>"; };
		2D178E2488593ED7271BFB64 /* MuscleMapTests.xctest */ = {isa = PBXFileReference; includeInIndex = 0; lastKnownFileType = wrapper.cfbundle; path = MuscleMapTests.xctest; sourceTree = BUILT_PRODUCTS_DIR; };
		2E62C3348AF8D24E0BA19F31 /* PurchaseManager.swift */ = {isa = PBXFileReference; lastKnownFileType = sourcecode.swift; path = PurchaseManager.swift; sourceTree = "<group>"; };
		300D254EBBCA6CC21F07DD9B /* RecoveryCalculatorTests.swift */ = {isa = PBXFileReference; lastKnownFileType = sourcecode.swift; path = RecoveryCalculatorTests.swift; sourceTree = "<group>"; };
		319021B1AFBCA2216D981E45 /* MuscleMapApp.swift */ = {isa = PBXFileReference; lastKnownFileType = sourcecode.swift; path = MuscleMapApp.swift; sourceTree = "<group>"; };
		31B33A3A61D3A9D162BDD741 /* MusclePathData.swift */ = {isa = PBXFileReference; lastKnownFileType = sourcecode.swift; path = MusclePathData.swift; sourceTree = "<group>"; };
		36B9C0C525A22F0F0298F099 /* WorkoutRepository.swift */ = {isa = PBXFileReference; lastKnownFileType = sourcecode.swift; path = WorkoutRepository.swift; sourceTree = "<group>"; };
		36BBC597C6AB7DF2637FFB6A /* WorkoutCompletionView.swift */ = {isa = PBXFileReference; lastKnownFileType = sourcecode.swift; path = WorkoutCompletionView.swift; sourceTree = "<group>"; };
		37235804F653F402796DA59A /* MiniMuscleMapView.swift */ = {isa = PBXFileReference; lastKnownFileType = sourcecode.swift; path = MiniMuscleMapView.swift; sourceTree = "<group>"; };
		3BE171442748D8639DE3CD7C /* HistoryViewModel.swift */ = {isa = PBXFileReference; lastKnownFileType = sourcecode.swift; path = HistoryViewModel.swift; sourceTree = "<group>"; };
		3DCDB1B0B9F16FF2EB0762C3 /* Muscle.swift */ = {isa = PBXFileReference; lastKnownFileType = sourcecode.swift; path = Muscle.swift; sourceTree = "<group>"; };
		3F61D31BBAC55B5215E6A2B8 /* ExerciseStoreTests.swift */ = {isa = PBXFileReference; lastKnownFileType = sourcecode.swift; path = ExerciseStoreTests.swift; sourceTree = "<group>"; };
		3FF01BFBC85F09E4AC3175C4 /* MuscleTests.swift */ = {isa = PBXFileReference; lastKnownFileType = sourcecode.swift; path = MuscleTests.swift; sourceTree = "<group>"; };
		40B76814AFC279384771D580 /* MuscleMapWidget.swift */ = {isa = PBXFileReference; lastKnownFileType = sourcecode.swift; path = MuscleMapWidget.swift; sourceTree = "<group>"; };
		42E895571E0BA26A49A45A33 /* MuscleMap.app */ = {isa = PBXFileReference; includeInIndex = 0; lastKnownFileType = wrapper.application; path = MuscleMap.app; sourceTree = BUILT_PRODUCTS_DIR; };
		467C46635C48C115FF535C56 /* Muscle3DView.swift */ = {isa = PBXFileReference; lastKnownFileType = sourcecode.swift; path = Muscle3DView.swift; sourceTree = "<group>"; };
		49396567D4FF1B05B7DCE11D /* MarkdownParserTests.swift */ = {isa = PBXFileReference; lastKnownFileType = sourcecode.swift; path = MarkdownParserTests.swift; sourceTree = "<group>"; };
		4A2D2051DFF145ACA4958AD6 /* PersonalizationPage.swift */ = {isa = PBXFileReference; lastKnownFileType = sourcecode.swift; path = PersonalizationPage.swift; sourceTree = "<group>"; };
		5C0CF9B8BC7541A10EAB6FF9 /* DateExtensions.swift */ = {isa = PBXFileReference; lastKnownFileType = sourcecode.swift; path = DateExtensions.swift; sourceTree = "<group>"; };
		6685BDAE783FAC76CA211DC3 /* ContentView.swift */ = {isa = PBXFileReference; lastKnownFileType = sourcecode.swift; path = ContentView.swift; sourceTree = "<group>"; };
		6B6EB19ED49B4292C0046F8C /* Assets.xcassets */ = {isa = PBXFileReference; lastKnownFileType = folder.assetcatalog; path = Assets.xcassets; sourceTree = "<group>"; };
		6C301C32BCB89E6F1B5349A6 /* CSVImportView.swift */ = {isa = PBXFileReference; lastKnownFileType = sourcecode.swift; path = CSVImportView.swift; sourceTree = "<group>"; };
		6DFCD8E07A44A61C9FFC4430 /* SubscriptionManager.swift */ = {isa = PBXFileReference; lastKnownFileType = sourcecode.swift; path = SubscriptionManager.swift; sourceTree = "<group>"; };
		6EA3B4ECB770C8953CB55232 /* DayWorkoutDetailView.swift */ = {isa = PBXFileReference; lastKnownFileType = sourcecode.swift; path = DayWorkoutDetailView.swift; sourceTree = "<group>"; };
		71788B066F3B9879835D8D19 /* PlanCardView.swift */ = {isa = PBXFileReference; lastKnownFileType = sourcecode.swift; path = PlanCardView.swift; sourceTree = "<group>"; };
		738EF1DB3A50EA9C3CB89D68 /* MuscleDetailViewModel.swift */ = {isa = PBXFileReference; lastKnownFileType = sourcecode.swift; path = MuscleDetailViewModel.swift; sourceTree = "<group>"; };
		7B4AB74E97EA7F7334488DC7 /* ExerciseListViewModel.swift */ = {isa = PBXFileReference; lastKnownFileType = sourcecode.swift; path = ExerciseListViewModel.swift; sourceTree = "<group>"; };
		7BCC6B908DD79252499174F4 /* ImportDataConverter.swift */ = {isa = PBXFileReference; lastKnownFileType = sourcecode.swift; path = ImportDataConverter.swift; sourceTree = "<group>"; };
		7C7CD00328BEE59832B45528 /* WorkoutSet.swift */ = {isa = PBXFileReference; lastKnownFileType = sourcecode.swift; path = WorkoutSet.swift; sourceTree = "<group>"; };
		7E458C581CD4AD232E9417DB /* ExerciseLibraryView.swift */ = {isa = PBXFileReference; lastKnownFileType = sourcecode.swift; path = ExerciseLibraryView.swift; sourceTree = "<group>"; };
		7E4FAB5CDEC2FAD8548A0214 /* PaywallFeatureRow.swift */ = {isa = PBXFileReference; lastKnownFileType = sourcecode.swift; path = PaywallFeatureRow.swift; sourceTree = "<group>"; };
		80F2E4EB6EF5B3921B9BD78D /* ValuePropositionPage.swift */ = {isa = PBXFileReference; lastKnownFileType = sourcecode.swift; path = ValuePropositionPage.swift; sourceTree = "<group>"; };
		81B7DA2C8455B68565F303F4 /* WorkoutSession.swift */ = {isa = PBXFileReference; lastKnownFileType = sourcecode.swift; path = WorkoutSession.swift; sourceTree = "<group>"; };
		8F49E2D1636F7157790215EB /* ColorCalculator.swift */ = {isa = PBXFileReference; lastKnownFileType = sourcecode.swift; path = ColorCalculator.swift; sourceTree = "<group>"; };
		9098D5CD12276919C4D8E50B /* WidgetSharedTypes.swift */ = {isa = PBXFileReference; lastKnownFileType = sourcecode.swift; path = WidgetSharedTypes.swift; sourceTree = "<group>"; };
		91C8FDD5228CC86C3A148EBA /* LocalizationManager.swift */ = {isa = PBXFileReference; lastKnownFileType = sourcecode.swift; path = LocalizationManager.swift; sourceTree = "<group>"; };
		95E15F4939F5CC681A1FD0D2 /* MuscleMap.entitlements */ = {isa = PBXFileReference; lastKnownFileType = text.plist.entitlements; path = MuscleMap.entitlements; sourceTree = "<group>"; };
		964A1D43DEFE1F775E05AE10 /* ExerciseDescriptions.swift */ = {isa = PBXFileReference; lastKnownFileType = sourcecode.swift; path = ExerciseDescriptions.swift; sourceTree = "<group>"; };
		97C1051BF6F39CF7C365258E /* RecoveryCalculator.swift */ = {isa = PBXFileReference; lastKnownFileType = sourcecode.swift; path = RecoveryCalculator.swift; sourceTree = "<group>"; };
		A2A4D34488563E474C78D571 /* KeychainHelper.swift */ = {isa = PBXFileReference; lastKnownFileType = sourcecode.swift; path = KeychainHelper.swift; sourceTree = "<group>"; };
		A641D503120435354F8CCA29 /* ExerciseDetailView.swift */ = {isa = PBXFileReference; lastKnownFileType = sourcecode.swift; path = ExerciseDetailView.swift; sourceTree = "<group>"; };
		A7665A2A3A6E18C8037F80DD /* OnboardingView.swift */ = {isa = PBXFileReference; lastKnownFileType = sourcecode.swift; path = OnboardingView.swift; sourceTree = "<group>"; };
		A8FDEA0217A7E8F2762673A4 /* WorkoutViewModel.swift */ = {isa = PBXFileReference; lastKnownFileType = sourcecode.swift; path = WorkoutViewModel.swift; sourceTree = "<group>"; };
		B04E06EA374E74AAD225DB8C /* PRManager.swift */ = {isa = PBXFileReference; lastKnownFileType = sourcecode.swift; path = PRManager.swift; sourceTree = "<group>"; };
		B1C20CB4DE1E596D9D14A622 /* MuscleDetailView.swift */ = {isa = PBXFileReference; lastKnownFileType = sourcecode.swift; path = MuscleDetailView.swift; sourceTree = "<group>"; };
		B22DC43736789BB61CD239BD /* FavoritesManager.swift */ = {isa = PBXFileReference; lastKnownFileType = sourcecode.swift; path = FavoritesManager.swift; sourceTree = "<group>"; };
		B8A4C5A76D596FFBABB6E47D /* UserProfile.swift */ = {isa = PBXFileReference; lastKnownFileType = sourcecode.swift; path = UserProfile.swift; sourceTree = "<group>"; };
		B9A5D4E86A95308B2CB88291 /* CallToActionPage.swift */ = {isa = PBXFileReference; lastKnownFileType = sourcecode.swift; path = CallToActionPage.swift; sourceTree = "<group>"; };
		BC330D37D4C1CA40ADDDCA05 /* WorkoutStartView.swift */ = {isa = PBXFileReference; lastKnownFileType = sourcecode.swift; path = WorkoutStartView.swift; sourceTree = "<group>"; };
		BDA68A5C4978E543B4AC723F /* KeyManager.swift */ = {isa = PBXFileReference; lastKnownFileType = sourcecode.swift; path = KeyManager.swift; sourceTree = "<group>"; };
		BEED42233C7340488A69CE9E /* MonthlyCalendarView.swift */ = {isa = PBXFileReference; lastKnownFileType = sourcecode.swift; path = MonthlyCalendarView.swift; sourceTree = "<group>"; };
		BF5C6313CCA5C93FA15D5153 /* HapticManager.swift */ = {isa = PBXFileReference; lastKnownFileType = sourcecode.swift; path = HapticManager.swift; sourceTree = "<group>"; };
		C29F5D1D29295EC6FA3E7A83 /* CSVParserTests.swift */ = {isa = PBXFileReference; lastKnownFileType = sourcecode.swift; path = CSVParserTests.swift; sourceTree = "<group>"; };
		C775B710D458A8600002BACD /* ExerciseDefinition.swift */ = {isa = PBXFileReference; lastKnownFileType = sourcecode.swift; path = ExerciseDefinition.swift; sourceTree = "<group>"; };
		C975A916E9A16C00A07248A3 /* HomeView.swift */ = {isa = PBXFileReference; lastKnownFileType = sourcecode.swift; path = HomeView.swift; sourceTree = "<group>"; };
		D885F47DFEA8C01A9E4EFA0A /* MuscleMapWidgetBundle.swift */ = {isa = PBXFileReference; lastKnownFileType = sourcecode.swift; path = MuscleMapWidgetBundle.swift; sourceTree = "<group>"; };
		E23422ECC0DDBFE11BAD25A4 /* Localizable.xcstrings */ = {isa = PBXFileReference; lastKnownFileType = text.json.xcstrings; path = Localizable.xcstrings; sourceTree = "<group>"; };
		E3E872A642B4FF229CE6C99A /* MuscleMapWidgetExtension.entitlements */ = {isa = PBXFileReference; lastKnownFileType = text.plist.entitlements; path = MuscleMapWidgetExtension.entitlements; sourceTree = "<group>"; };
		E615DA1A8B9A383A3E11AB7E /* ProFeatureBanner.swift */ = {isa = PBXFileReference; lastKnownFileType = sourcecode.swift; path = ProFeatureBanner.swift; sourceTree = "<group>"; };
		E6E1885660D1D955C88C496C /* ColorExtensions.swift */ = {isa = PBXFileReference; lastKnownFileType = sourcecode.swift; path = ColorExtensions.swift; sourceTree = "<group>"; };
		E75A1388B2C55CA9AA59D915 /* MenuSuggestionService.swift */ = {isa = PBXFileReference; lastKnownFileType = sourcecode.swift; path = MenuSuggestionService.swift; sourceTree = "<group>"; };
		E800074C8D53A0356F8230BF /* ExerciseStore.swift */ = {isa = PBXFileReference; lastKnownFileType = sourcecode.swift; path = ExerciseStore.swift; sourceTree = "<group>"; };
		EBAB10D6B486880EC3819BFF /* MuscleMapView.swift */ = {isa = PBXFileReference; lastKnownFileType = sourcecode.swift; path = MuscleMapView.swift; sourceTree = "<group>"; };
		F18EDC80AAE83E2C194E8272 /* InteractiveDemoPage.swift */ = {isa = PBXFileReference; lastKnownFileType = sourcecode.swift; path = InteractiveDemoPage.swift; sourceTree = "<group>"; };
		F2D7479246A925801D0814DB /* OnboardingV2View.swift */ = {isa = PBXFileReference; lastKnownFileType = sourcecode.swift; path = OnboardingV2View.swift; sourceTree = "<group>"; };
		F3934B8352158E0A999B4FCC /* MuscleStateRepository.swift */ = {isa = PBXFileReference; lastKnownFileType = sourcecode.swift; path = MuscleStateRepository.swift; sourceTree = "<group>"; };
		F80DF745A0945BC8BB21285C /* exercises.json */ = {isa = PBXFileReference; lastKnownFileType = text.json; path = exercises.json; sourceTree = "<group>"; };
		FAB37FE4EBE611ED62380668 /* PaywallView.swift */ = {isa = PBXFileReference; lastKnownFileType = sourcecode.swift; path = PaywallView.swift; sourceTree = "<group>"; };
		FB8FC4CC2B04B8D324DD7100 /* ModelLoader.swift */ = {isa = PBXFileReference; lastKnownFileType = sourcecode.swift; path = ModelLoader.swift; sourceTree = "<group>"; };
		FF93A0C1642FBC94B4E365CC /* WidgetDataProvider.swift */ = {isa = PBXFileReference; lastKnownFileType = sourcecode.swift; path = WidgetDataProvider.swift; sourceTree = "<group>"; };
/* End PBXFileReference section */

/* Begin PBXFrameworksBuildPhase section */
		EDF84A22E72017BE65FDB05E /* Frameworks */ = {
			isa = PBXFrameworksBuildPhase;
			buildActionMask = 2147483647;
			files = (
				024F3C0E7D4784540FDC0A96 /* RevenueCat in Frameworks */,
			);
			runOnlyForDeploymentPostprocessing = 0;
		};
/* End PBXFrameworksBuildPhase section */

/* Begin PBXGroup section */
		1302C2FDDB5A49F333A56152 /* MuscleDetail */ = {
			isa = PBXGroup;
			children = (
				467C46635C48C115FF535C56 /* Muscle3DView.swift */,
				B1C20CB4DE1E596D9D14A622 /* MuscleDetailView.swift */,
			);
			path = MuscleDetail;
			sourceTree = "<group>";
		};
		15F8D0AA37758AD356C9BEAB /* Utilities */ = {
			isa = PBXGroup;
			children = (
				8F49E2D1636F7157790215EB /* ColorCalculator.swift */,
				E6E1885660D1D955C88C496C /* ColorExtensions.swift */,
				281B4D0C19399AF581AAEC00 /* CSVParser.swift */,
				5C0CF9B8BC7541A10EAB6FF9 /* DateExtensions.swift */,
				BF5C6313CCA5C93FA15D5153 /* HapticManager.swift */,
				7BCC6B908DD79252499174F4 /* ImportDataConverter.swift */,
				A2A4D34488563E474C78D571 /* KeychainHelper.swift */,
				BDA68A5C4978E543B4AC723F /* KeyManager.swift */,
				91C8FDD5228CC86C3A148EBA /* LocalizationManager.swift */,
				E75A1388B2C55CA9AA59D915 /* MenuSuggestionService.swift */,
				FB8FC4CC2B04B8D324DD7100 /* ModelLoader.swift */,
				B04E06EA374E74AAD225DB8C /* PRManager.swift */,
				2E62C3348AF8D24E0BA19F31 /* PurchaseManager.swift */,
				97C1051BF6F39CF7C365258E /* RecoveryCalculator.swift */,
				6DFCD8E07A44A61C9FFC4430 /* SubscriptionManager.swift */,
				FF93A0C1642FBC94B4E365CC /* WidgetDataProvider.swift */,
			);
			path = Utilities;
			sourceTree = "<group>";
		};
		1B5797122F79945A04D1F49E /* Resources */ = {
			isa = PBXGroup;
			children = (
				F80DF745A0945BC8BB21285C /* exercises.json */,
				40FFFC1E9CCD665EE9C7AC6D /* 3DModels */,
			);
			path = Resources;
			sourceTree = "<group>";
		};
		2C4EC17A239C710898939230 /* Paywall */ = {
			isa = PBXGroup;
			children = (
				7E4FAB5CDEC2FAD8548A0214 /* PaywallFeatureRow.swift */,
				FAB37FE4EBE611ED62380668 /* PaywallView.swift */,
				71788B066F3B9879835D8D19 /* PlanCardView.swift */,
				E615DA1A8B9A383A3E11AB7E /* ProFeatureBanner.swift */,
			);
			path = Paywall;
			sourceTree = "<group>";
		};
		2F58A21266E5F9488CB3B0B1 /* Products */ = {
			isa = PBXGroup;
			children = (
				42E895571E0BA26A49A45A33 /* MuscleMap.app */,
				2D178E2488593ED7271BFB64 /* MuscleMapTests.xctest */,
				115F934EE7680215C2F165C1 /* MuscleMapWidgetExtension.appex */,
			);
			name = Products;
			sourceTree = "<group>";
		};
		40FFFC1E9CCD665EE9C7AC6D /* 3DModels */ = {
			isa = PBXGroup;
			children = (
			);
			path = 3DModels;
			sourceTree = "<group>";
		};
		6298B100612E9B2C5D6216E6 /* MuscleMap */ = {
			isa = PBXGroup;
			children = (
				6B6EB19ED49B4292C0046F8C /* Assets.xcassets */,
				E23422ECC0DDBFE11BAD25A4 /* Localizable.xcstrings */,
				95E15F4939F5CC681A1FD0D2 /* MuscleMap.entitlements */,
				FC6E470EB9D3BBF1018E22A5 /* App */,
				C3C8841A8DF3D74C69E2C4E0 /* Data */,
				BDD5EE65675A64A598EEEE8C /* Models */,
				B0FC787D5AF96975BDA9694D /* Repositories */,
				15F8D0AA37758AD356C9BEAB /* Utilities */,
				E4522EF1AD181B52082E609A /* ViewModels */,
				65A1BF39AB12B5D91F45012E /* Views */,
			);
			path = MuscleMap;
			sourceTree = "<group>";
		};
		65A1BF39AB12B5D91F45012E /* Views */ = {
			isa = PBXGroup;
			children = (
				E3BDCC544B88A98AE5BF180D /* Components */,
				6CF6E08093EF6169CA86D4D0 /* Exercise */,
				F4B828C4C4B7C6347B5B4E1D /* History */,
				CE920906289B2432F7EFF7B2 /* Home */,
				1302C2FDDB5A49F333A56152 /* MuscleDetail */,
				A1F3A7A3C0F816E31B17F4EA /* Onboarding */,
				2C4EC17A239C710898939230 /* Paywall */,
				7FB19D77204D0ED4BF09974E /* Settings */,
				C75181E1E21D74E1C61ABAFC /* Workout */,
			);
			path = Views;
			sourceTree = "<group>";
		};
		6CF6E08093EF6169CA86D4D0 /* Exercise */ = {
			isa = PBXGroup;
			children = (
				A641D503120435354F8CCA29 /* ExerciseDetailView.swift */,
				7E458C581CD4AD232E9417DB /* ExerciseLibraryView.swift */,
				0BE68481B1986B8E34B2034B /* ExerciseMuscleMapView.swift */,
			);
			path = Exercise;
			sourceTree = "<group>";
		};
		7FB19D77204D0ED4BF09974E /* Settings */ = {
			isa = PBXGroup;
			children = (
				6C301C32BCB89E6F1B5349A6 /* CSVImportView.swift */,
				181666C4D2D2CA1B1AE60F29 /* SettingsView.swift */,
			);
			path = Settings;
			sourceTree = "<group>";
		};
		83E1FA2C0DFA18F990C05867 = {
			isa = PBXGroup;
			children = (
				6298B100612E9B2C5D6216E6 /* MuscleMap */,
				847A0E51EE544AEEAEE9722D /* MuscleMapTests */,
				9B8859A2F87352F7F089C829 /* MuscleMapWidget */,
				1B5797122F79945A04D1F49E /* Resources */,
				2F58A21266E5F9488CB3B0B1 /* Products */,
			);
			sourceTree = "<group>";
		};
		847A0E51EE544AEEAEE9722D /* MuscleMapTests */ = {
			isa = PBXGroup;
			children = (
				C29F5D1D29295EC6FA3E7A83 /* CSVParserTests.swift */,
				3F61D31BBAC55B5215E6A2B8 /* ExerciseStoreTests.swift */,
				49396567D4FF1B05B7DCE11D /* MarkdownParserTests.swift */,
				3FF01BFBC85F09E4AC3175C4 /* MuscleTests.swift */,
				300D254EBBCA6CC21F07DD9B /* RecoveryCalculatorTests.swift */,
			);
			path = MuscleMapTests;
			sourceTree = "<group>";
		};
		9B8859A2F87352F7F089C829 /* MuscleMapWidget */ = {
			isa = PBXGroup;
			children = (
				40B76814AFC279384771D580 /* MuscleMapWidget.swift */,
				D885F47DFEA8C01A9E4EFA0A /* MuscleMapWidgetBundle.swift */,
				E3E872A642B4FF229CE6C99A /* MuscleMapWidgetExtension.entitlements */,
				1D4AC14E973BEC3D403032D7 /* WidgetMusclePathData.swift */,
				9098D5CD12276919C4D8E50B /* WidgetSharedTypes.swift */,
			);
			path = MuscleMapWidget;
			sourceTree = "<group>";
		};
		A1F3A7A3C0F816E31B17F4EA /* Onboarding */ = {
			isa = PBXGroup;
			children = (
				B9A5D4E86A95308B2CB88291 /* CallToActionPage.swift */,
				F18EDC80AAE83E2C194E8272 /* InteractiveDemoPage.swift */,
				F2D7479246A925801D0814DB /* OnboardingV2View.swift */,
				A7665A2A3A6E18C8037F80DD /* OnboardingView.swift */,
				4A2D2051DFF145ACA4958AD6 /* PersonalizationPage.swift */,
				80F2E4EB6EF5B3921B9BD78D /* ValuePropositionPage.swift */,
			);
			path = Onboarding;
			sourceTree = "<group>";
		};
		B0FC787D5AF96975BDA9694D /* Repositories */ = {
			isa = PBXGroup;
			children = (
				E800074C8D53A0356F8230BF /* ExerciseStore.swift */,
				F3934B8352158E0A999B4FCC /* MuscleStateRepository.swift */,
				36B9C0C525A22F0F0298F099 /* WorkoutRepository.swift */,
			);
			path = Repositories;
			sourceTree = "<group>";
		};
		BDD5EE65675A64A598EEEE8C /* Models */ = {
			isa = PBXGroup;
			children = (
				C775B710D458A8600002BACD /* ExerciseDefinition.swift */,
				3DCDB1B0B9F16FF2EB0762C3 /* Muscle.swift */,
				0C736DECFDE0A06C7CA97F4E /* MuscleStimulation.swift */,
				B8A4C5A76D596FFBABB6E47D /* UserProfile.swift */,
				81B7DA2C8455B68565F303F4 /* WorkoutSession.swift */,
				7C7CD00328BEE59832B45528 /* WorkoutSet.swift */,
			);
			path = Models;
			sourceTree = "<group>";
		};
		C3C8841A8DF3D74C69E2C4E0 /* Data */ = {
			isa = PBXGroup;
			children = (
				964A1D43DEFE1F775E05AE10 /* ExerciseDescriptions.swift */,
				B22DC43736789BB61CD239BD /* FavoritesManager.swift */,
				0ADE5F383177BBB6409F7D61 /* RecentExercisesManager.swift */,
			);
			path = Data;
			sourceTree = "<group>";
		};
		C75181E1E21D74E1C61ABAFC /* Workout */ = {
			isa = PBXGroup;
			children = (
				2B00A2B4E368518F02FC2485 /* ExercisePickerView.swift */,
				36BBC597C6AB7DF2637FFB6A /* WorkoutCompletionView.swift */,
				BC330D37D4C1CA40ADDDCA05 /* WorkoutStartView.swift */,
			);
			path = Workout;
			sourceTree = "<group>";
		};
		CE920906289B2432F7EFF7B2 /* Home */ = {
			isa = PBXGroup;
			children = (
				C975A916E9A16C00A07248A3 /* HomeView.swift */,
				EBAB10D6B486880EC3819BFF /* MuscleMapView.swift */,
				31B33A3A61D3A9D162BDD741 /* MusclePathData.swift */,
			);
			path = Home;
			sourceTree = "<group>";
		};
		E3BDCC544B88A98AE5BF180D /* Components */ = {
			isa = PBXGroup;
			children = (
				37235804F653F402796DA59A /* MiniMuscleMapView.swift */,
			);
			path = Components;
			sourceTree = "<group>";
		};
		E4522EF1AD181B52082E609A /* ViewModels */ = {
			isa = PBXGroup;
			children = (
				7B4AB74E97EA7F7334488DC7 /* ExerciseListViewModel.swift */,
				3BE171442748D8639DE3CD7C /* HistoryViewModel.swift */,
				0A22EE6380A0F51DCD1534DD /* HomeViewModel.swift */,
				738EF1DB3A50EA9C3CB89D68 /* MuscleDetailViewModel.swift */,
				A8FDEA0217A7E8F2762673A4 /* WorkoutViewModel.swift */,
			);
			path = ViewModels;
			sourceTree = "<group>";
		};
		F4B828C4C4B7C6347B5B4E1D /* History */ = {
			isa = PBXGroup;
			children = (
				6EA3B4ECB770C8953CB55232 /* DayWorkoutDetailView.swift */,
				15716239666A23DA22D539B5 /* HistoryView.swift */,
				BEED42233C7340488A69CE9E /* MonthlyCalendarView.swift */,
			);
			path = History;
			sourceTree = "<group>";
		};
		FC6E470EB9D3BBF1018E22A5 /* App */ = {
			isa = PBXGroup;
			children = (
				25DC4C0963E665A4F3D621EA /* AppState.swift */,
				6685BDAE783FAC76CA211DC3 /* ContentView.swift */,
				319021B1AFBCA2216D981E45 /* MuscleMapApp.swift */,
			);
			path = App;
			sourceTree = "<group>";
		};
/* End PBXGroup section */

/* Begin PBXNativeTarget section */
		56C129BCC950E5F3990572EB /* MuscleMapWidgetExtension */ = {
			isa = PBXNativeTarget;
			buildConfigurationList = 4E8277DE0029C2F092908CEF /* Build configuration list for PBXNativeTarget "MuscleMapWidgetExtension" */;
			buildPhases = (
				9EADD0376A93C5B7C702AA3E /* Sources */,
			);
			buildRules = (
			);
			dependencies = (
			);
			name = MuscleMapWidgetExtension;
			packageProductDependencies = (
			);
			productName = MuscleMapWidgetExtension;
			productReference = 115F934EE7680215C2F165C1 /* MuscleMapWidgetExtension.appex */;
			productType = "com.apple.product-type.app-extension";
		};
		8A9A6016FC7D76C7B18E4D4D /* MuscleMapTests */ = {
			isa = PBXNativeTarget;
			buildConfigurationList = 8DAAB8EC553A3DF9C8D4F83D /* Build configuration list for PBXNativeTarget "MuscleMapTests" */;
			buildPhases = (
				83FE95AC1F3A0B72D32F3FD8 /* Sources */,
				109A6AB02F8C4185529E664F /* Resources */,
			);
			buildRules = (
			);
			dependencies = (
				E9C4E4D57867FB13FC501691 /* PBXTargetDependency */,
			);
			name = MuscleMapTests;
			packageProductDependencies = (
			);
			productName = MuscleMapTests;
			productReference = 2D178E2488593ED7271BFB64 /* MuscleMapTests.xctest */;
			productType = "com.apple.product-type.bundle.unit-test";
		};
		F177B865909BD68FBBBBE8A0 /* MuscleMap */ = {
			isa = PBXNativeTarget;
			buildConfigurationList = 96807741AED628803A4DBC93 /* Build configuration list for PBXNativeTarget "MuscleMap" */;
			buildPhases = (
				4DC2FD184B138BE7B31B1EFE /* Sources */,
				F933E7DFF371DA3A04AE3464 /* Resources */,
				EDF84A22E72017BE65FDB05E /* Frameworks */,
				60A3D54682B667879073056C /* Embed Foundation Extensions */,
			);
			buildRules = (
			);
			dependencies = (
				595ACE4310FD703BD5967CB2 /* PBXTargetDependency */,
			);
			name = MuscleMap;
			packageProductDependencies = (
				3862F42F7A39E887709274F3 /* RevenueCat */,
			);
			productName = MuscleMap;
			productReference = 42E895571E0BA26A49A45A33 /* MuscleMap.app */;
			productType = "com.apple.product-type.application";
		};
/* End PBXNativeTarget section */

/* Begin PBXProject section */
		40DD13D39E6CE44FF2E8E223 /* Project object */ = {
			isa = PBXProject;
			attributes = {
				BuildIndependentTargetsInParallel = YES;
				LastUpgradeCheck = 1620;
			};
			buildConfigurationList = 37D242056B19C59F699E43FB /* Build configuration list for PBXProject "MuscleMap" */;
			compatibilityVersion = "Xcode 14.0";
			developmentRegion = en;
			hasScannedForEncodings = 0;
			knownRegions = (
				Base,
				en,
				ja,
			);
			mainGroup = 83E1FA2C0DFA18F990C05867;
			minimizedProjectReferenceProxies = 1;
			packageReferences = (
				C338FCD0C51B2BF5FE217F91 /* XCRemoteSwiftPackageReference "purchases-ios-spm" */,
			);
			preferredProjectObjectVersion = 77;
			projectDirPath = "";
			projectRoot = "";
			targets = (
				F177B865909BD68FBBBBE8A0 /* MuscleMap */,
				8A9A6016FC7D76C7B18E4D4D /* MuscleMapTests */,
				56C129BCC950E5F3990572EB /* MuscleMapWidgetExtension */,
			);
		};
/* End PBXProject section */

/* Begin PBXResourcesBuildPhase section */
		109A6AB02F8C4185529E664F /* Resources */ = {
			isa = PBXResourcesBuildPhase;
			buildActionMask = 2147483647;
			files = (
				9B9F58B7752BD0E144ECA299 /* exercises.json in Resources */,
			);
			runOnlyForDeploymentPostprocessing = 0;
		};
		F933E7DFF371DA3A04AE3464 /* Resources */ = {
			isa = PBXResourcesBuildPhase;
			buildActionMask = 2147483647;
			files = (
				CC474F18B50B9B48AC070A90 /* Assets.xcassets in Resources */,
				7E1CE27E0D10E8DA49AE9751 /* Localizable.xcstrings in Resources */,
				5E36AADEF8689212B83BF6FC /* exercises.json in Resources */,
			);
			runOnlyForDeploymentPostprocessing = 0;
		};
/* End PBXResourcesBuildPhase section */

/* Begin PBXSourcesBuildPhase section */
		4DC2FD184B138BE7B31B1EFE /* Sources */ = {
			isa = PBXSourcesBuildPhase;
			buildActionMask = 2147483647;
			files = (
				F9B8AE0A0B4948E3C4E7D136 /* AppState.swift in Sources */,
				1AA94FF61CC9E6126D159F9F /* CSVImportView.swift in Sources */,
				38FF8BD300356973DD5C3165 /* CSVParser.swift in Sources */,
				D29CB3836A2BE991F3BB8B6D /* CallToActionPage.swift in Sources */,
				F2C695F1934BDDC88EE9917E /* ColorCalculator.swift in Sources */,
				70F5FA46B8F7F9CBDC1617AF /* ColorExtensions.swift in Sources */,
				76241706AA8DE99609DFF879 /* ContentView.swift in Sources */,
				96EA90BACB00F34DF6F87FE2 /* DateExtensions.swift in Sources */,
				22D27F27F1A8718826A59974 /* DayWorkoutDetailView.swift in Sources */,
				329A3AFB2F0294F140FFCC0C /* ExerciseDefinition.swift in Sources */,
				0B813F2F5B8F05FD5BB365D5 /* ExerciseDescriptions.swift in Sources */,
				F4FF8D32B70356D6B80EEBB6 /* ExerciseDetailView.swift in Sources */,
				F38C998074EF9135F36A6021 /* ExerciseLibraryView.swift in Sources */,
				0295F7D904CD868EA1F249C2 /* ExerciseListViewModel.swift in Sources */,
				F6CD70D8284DB811527863D6 /* ExerciseMuscleMapView.swift in Sources */,
				BE9FEC7AFF416CF1792DB135 /* ExercisePickerView.swift in Sources */,
				F773B96F66C58CFF0131552A /* ExerciseStore.swift in Sources */,
				199105C9D79242C784284B51 /* FavoritesManager.swift in Sources */,
				ED19BBE40B6D532A92D3D9CC /* HapticManager.swift in Sources */,
				ED0627432704DF5E78FB158D /* HistoryView.swift in Sources */,
				210539EBA932CACE31A3BC98 /* HistoryViewModel.swift in Sources */,
				61C75BB37FF6157166400E5E /* HomeView.swift in Sources */,
				9450B2AC9B2EB2FB4943E5C7 /* HomeViewModel.swift in Sources */,
				3ADCDEAFEA6C0E962EC5C3AD /* ImportDataConverter.swift in Sources */,
				0B03A3DE5E415B29DB2CC5D3 /* InteractiveDemoPage.swift in Sources */,
				76650C872A5850F096495974 /* KeyManager.swift in Sources */,
				9B6E1B29E00C1268526C82B4 /* KeychainHelper.swift in Sources */,
				3EDDCA712A0B8E4A7415899B /* LocalizationManager.swift in Sources */,
				D352F429F17B8DB95A9E9867 /* MenuSuggestionService.swift in Sources */,
				9BB6E56E51225B390FB48C6A /* MiniMuscleMapView.swift in Sources */,
				7E3C09EC3460040859630DA1 /* ModelLoader.swift in Sources */,
				7F5C2AA0DE80755007D8051B /* MonthlyCalendarView.swift in Sources */,
				90375684DC26B54E8CBBDF6F /* Muscle.swift in Sources */,
				A7A05B6CD6F1B30E95372267 /* Muscle3DView.swift in Sources */,
				13AD3003C74665609527A9FC /* MuscleDetailView.swift in Sources */,
				763D578A9944920FDE1357C4 /* MuscleDetailViewModel.swift in Sources */,
				F98BA2406BA88FC5D1615280 /* MuscleMapApp.swift in Sources */,
				7F242B9D40CD2865B3B96CFD /* MuscleMapView.swift in Sources */,
				E10A055E0FFA049A2DF90EC3 /* MusclePathData.swift in Sources */,
				A901C9FC54EE9564CA5F9E52 /* MuscleStateRepository.swift in Sources */,
				40E81C3981BED26536D6A824 /* MuscleStimulation.swift in Sources */,
				5B20EB381EF4E9A9A02FCDCD /* OnboardingV2View.swift in Sources */,
				DF796617F303D8007A723F6F /* OnboardingView.swift in Sources */,
				63FA9C415DEC4B6A42C70AB1 /* PRManager.swift in Sources */,
				FB26449C7ED9301DEE2D9098 /* PaywallFeatureRow.swift in Sources */,
				61DFE674FC9B8C0150AE7A36 /* PaywallView.swift in Sources */,
				E6F2BFEF917D260F4DDCB3A0 /* PersonalizationPage.swift in Sources */,
				04C8146BDF8BDDBEEDE88C32 /* PlanCardView.swift in Sources */,
				6BB577A4DE391007F041935A /* ProFeatureBanner.swift in Sources */,
				1B78DB667BFDD3E8AAB15FA6 /* PurchaseManager.swift in Sources */,
				1A8C4925B1A20E8513EF6D40 /* RecentExercisesManager.swift in Sources */,
				CEB8E5A272EE81B64A0B086B /* RecoveryCalculator.swift in Sources */,
				D0FC5529011C1DCB4F1673F0 /* SettingsView.swift in Sources */,
				E846C758C23553AB728831B0 /* SubscriptionManager.swift in Sources */,
				31E876C2E3253AC0F79BAF5A /* UserProfile.swift in Sources */,
				E7CED2B85A00E807CE175FEC /* ValuePropositionPage.swift in Sources */,
				592F06EEC6A1A7A42C296BC6 /* WidgetDataProvider.swift in Sources */,
				E7852DA6B42B8F29063D5287 /* WorkoutCompletionView.swift in Sources */,
				A2FD9918BD457E18D8B442D4 /* WorkoutRepository.swift in Sources */,
				F8B759440AEB48F6F0A4A713 /* WorkoutSession.swift in Sources */,
				34E26BD8FEF9FD855A6420D4 /* WorkoutSet.swift in Sources */,
				9B5391DCF0847DDCF18CF0AA /* WorkoutStartView.swift in Sources */,
				AAB9858A19C0D58352C5E60F /* WorkoutViewModel.swift in Sources */,
			);
			runOnlyForDeploymentPostprocessing = 0;
		};
		83FE95AC1F3A0B72D32F3FD8 /* Sources */ = {
			isa = PBXSourcesBuildPhase;
			buildActionMask = 2147483647;
			files = (
				9E19E62684DDE3E441FA5045 /* CSVParserTests.swift in Sources */,
				EF007E76A67290DF3E3AEFCE /* ExerciseStoreTests.swift in Sources */,
				CA8491AB2483B03927D67CF3 /* MarkdownParserTests.swift in Sources */,
				500CF787262050CC495BF14D /* MuscleTests.swift in Sources */,
				2B6CBAF613691D5E5D7C5450 /* RecoveryCalculatorTests.swift in Sources */,
			);
			runOnlyForDeploymentPostprocessing = 0;
		};
		9EADD0376A93C5B7C702AA3E /* Sources */ = {
			isa = PBXSourcesBuildPhase;
			buildActionMask = 2147483647;
			files = (
				C90393E91463DBAE83F8D5FD /* MuscleMapWidget.swift in Sources */,
				8506B6E4EE502AC694AFB9FD /* MuscleMapWidgetBundle.swift in Sources */,
				D5D041A55602AEA19D5DE763 /* WidgetMusclePathData.swift in Sources */,
				BB7774B470B91F871DD62476 /* WidgetSharedTypes.swift in Sources */,
			);
			runOnlyForDeploymentPostprocessing = 0;
		};
/* End PBXSourcesBuildPhase section */

/* Begin PBXTargetDependency section */
		595ACE4310FD703BD5967CB2 /* PBXTargetDependency */ = {
			isa = PBXTargetDependency;
			target = 56C129BCC950E5F3990572EB /* MuscleMapWidgetExtension */;
			targetProxy = 64252CF08476442374A61572 /* PBXContainerItemProxy */;
		};
		E9C4E4D57867FB13FC501691 /* PBXTargetDependency */ = {
			isa = PBXTargetDependency;
			target = F177B865909BD68FBBBBE8A0 /* MuscleMap */;
			targetProxy = 369197E4945187ED57E89180 /* PBXContainerItemProxy */;
		};
/* End PBXTargetDependency section */

/* Begin XCBuildConfiguration section */
		2E3486513591B38A85E53952 /* Debug */ = {
			isa = XCBuildConfiguration;
			buildSettings = {
				ALWAYS_SEARCH_USER_PATHS = NO;
				CLANG_ANALYZER_NONNULL = YES;
				CLANG_ANALYZER_NUMBER_OBJECT_CONVERSION = YES_AGGRESSIVE;
				CLANG_CXX_LANGUAGE_STANDARD = "gnu++14";
				CLANG_CXX_LIBRARY = "libc++";
				CLANG_ENABLE_MODULES = YES;
				CLANG_ENABLE_OBJC_ARC = YES;
				CLANG_ENABLE_OBJC_WEAK = YES;
				CLANG_WARN_BLOCK_CAPTURE_AUTORELEASING = YES;
				CLANG_WARN_BOOL_CONVERSION = YES;
				CLANG_WARN_COMMA = YES;
				CLANG_WARN_CONSTANT_CONVERSION = YES;
				CLANG_WARN_DEPRECATED_OBJC_IMPLEMENTATIONS = YES;
				CLANG_WARN_DIRECT_OBJC_ISA_USAGE = YES_ERROR;
				CLANG_WARN_DOCUMENTATION_COMMENTS = YES;
				CLANG_WARN_EMPTY_BODY = YES;
				CLANG_WARN_ENUM_CONVERSION = YES;
				CLANG_WARN_INFINITE_RECURSION = YES;
				CLANG_WARN_INT_CONVERSION = YES;
				CLANG_WARN_NON_LITERAL_NULL_CONVERSION = YES;
				CLANG_WARN_OBJC_IMPLICIT_RETAIN_SELF = YES;
				CLANG_WARN_OBJC_LITERAL_CONVERSION = YES;
				CLANG_WARN_OBJC_ROOT_CLASS = YES_ERROR;
				CLANG_WARN_QUOTED_INCLUDE_IN_FRAMEWORK_HEADER = YES;
				CLANG_WARN_RANGE_LOOP_ANALYSIS = YES;
				CLANG_WARN_STRICT_PROTOTYPES = YES;
				CLANG_WARN_SUSPICIOUS_MOVE = YES;
				CLANG_WARN_UNGUARDED_AVAILABILITY = YES_AGGRESSIVE;
				CLANG_WARN_UNREACHABLE_CODE = YES;
				CLANG_WARN__DUPLICATE_METHOD_MATCH = YES;
				COPY_PHASE_STRIP = NO;
				DEBUG_INFORMATION_FORMAT = dwarf;
				ENABLE_STRICT_OBJC_MSGSEND = YES;
				ENABLE_TESTABILITY = YES;
				GCC_C_LANGUAGE_STANDARD = gnu11;
				GCC_DYNAMIC_NO_PIC = NO;
				GCC_NO_COMMON_BLOCKS = YES;
				GCC_OPTIMIZATION_LEVEL = 0;
				GCC_PREPROCESSOR_DEFINITIONS = (
					"$(inherited)",
					"DEBUG=1",
				);
				GCC_WARN_64_TO_32_BIT_CONVERSION = YES;
				GCC_WARN_ABOUT_RETURN_TYPE = YES_ERROR;
				GCC_WARN_UNDECLARED_SELECTOR = YES;
				GCC_WARN_UNINITIALIZED_AUTOS = YES_AGGRESSIVE;
				GCC_WARN_UNUSED_FUNCTION = YES;
				GCC_WARN_UNUSED_VARIABLE = YES;
				IPHONEOS_DEPLOYMENT_TARGET = 17.0;
				MTL_ENABLE_DEBUG_INFO = INCLUDE_SOURCE;
				MTL_FAST_MATH = YES;
				ONLY_ACTIVE_ARCH = YES;
				PRODUCT_NAME = "$(TARGET_NAME)";
				SDKROOT = iphoneos;
				SWIFT_ACTIVE_COMPILATION_CONDITIONS = DEBUG;
				SWIFT_OPTIMIZATION_LEVEL = "-Onone";
				SWIFT_VERSION = 5.0;
			};
			name = Debug;
		};
		4F8BB26E4520638962C4D412 /* Release */ = {
			isa = XCBuildConfiguration;
			buildSettings = {
				CODE_SIGN_ENTITLEMENTS = MuscleMapWidget/MuscleMapWidgetExtension.entitlements;
				CURRENT_PROJECT_VERSION = 1;
				INFOPLIST_FILE = MuscleMapWidget/Info.plist;
				LD_RUNPATH_SEARCH_PATHS = (
					"$(inherited)",
					"@executable_path/Frameworks",
					"@executable_path/../../Frameworks",
				);
				MARKETING_VERSION = 1.0.0;
				PRODUCT_BUNDLE_IDENTIFIER = com.buildinpublic.MuscleMap.widget;
				SDKROOT = iphoneos;
				SWIFT_VERSION = 5.9;
				TARGETED_DEVICE_FAMILY = "1,2";
			};
			name = Release;
		};
		7B4089EEE01117B262ECE57A /* Release */ = {
			isa = XCBuildConfiguration;
			buildSettings = {
				ASSETCATALOG_COMPILER_APPICON_NAME = AppIcon;
				CODE_SIGN_ENTITLEMENTS = MuscleMap/MuscleMap.entitlements;
				CODE_SIGN_IDENTITY = "iPhone Developer";
				CURRENT_PROJECT_VERSION = 1;
				GENERATE_INFOPLIST_FILE = YES;
				INFOPLIST_GENERATION_ENABLED = YES;
				INFOPLIST_KEY_CFBundleDisplayName = MuscleMap;
				INFOPLIST_KEY_UIApplicationSceneManifest_Generation = YES;
				INFOPLIST_KEY_UILaunchScreen_Generation = YES;
				INFOPLIST_KEY_UIRequiresFullScreen = YES;
				INFOPLIST_KEY_UISupportedInterfaceOrientations = UIInterfaceOrientationPortrait;
				LD_RUNPATH_SEARCH_PATHS = (
					"$(inherited)",
					"@executable_path/Frameworks",
				);
				MARKETING_VERSION = 1.0.0;
				PRODUCT_BUNDLE_IDENTIFIER = com.buildinpublic.MuscleMap;
				SDKROOT = iphoneos;
				SWIFT_VERSION = 5.9;
				TARGETED_DEVICE_FAMILY = "1,2";
			};
			name = Release;
		};
		AA2155A335D972D62CFA0A0C /* Release */ = {
			isa = XCBuildConfiguration;
			buildSettings = {
				BUNDLE_LOADER = "$(TEST_HOST)";
				GENERATE_INFOPLIST_FILE = YES;
				LD_RUNPATH_SEARCH_PATHS = (
					"$(inherited)",
					"@executable_path/Frameworks",
					"@loader_path/Frameworks",
				);
				PRODUCT_BUNDLE_IDENTIFIER = com.buildinpublic.MuscleMapTests;
				SDKROOT = iphoneos;
				SWIFT_VERSION = 5.9;
				TARGETED_DEVICE_FAMILY = "1,2";
				TEST_HOST = "$(BUILT_PRODUCTS_DIR)/MuscleMap.app/MuscleMap";
			};
			name = Release;
		};
		AE3083E1858D9268DD243BD1 /* Debug */ = {
			isa = XCBuildConfiguration;
			buildSettings = {
				CODE_SIGN_ENTITLEMENTS = MuscleMapWidget/MuscleMapWidgetExtension.entitlements;
				CURRENT_PROJECT_VERSION = 1;
				INFOPLIST_FILE = MuscleMapWidget/Info.plist;
				LD_RUNPATH_SEARCH_PATHS = (
					"$(inherited)",
					"@executable_path/Frameworks",
					"@executable_path/../../Frameworks",
				);
				MARKETING_VERSION = 1.0.0;
				PRODUCT_BUNDLE_IDENTIFIER = com.buildinpublic.MuscleMap.widget;
				SDKROOT = iphoneos;
				SWIFT_VERSION = 5.9;
				TARGETED_DEVICE_FAMILY = "1,2";
			};
			name = Debug;
		};
		B99BC0B721C6B08C39D7C1D5 /* Debug */ = {
			isa = XCBuildConfiguration;
			buildSettings = {
				ASSETCATALOG_COMPILER_APPICON_NAME = AppIcon;
				CODE_SIGN_ENTITLEMENTS = MuscleMap/MuscleMap.entitlements;
				CODE_SIGN_IDENTITY = "iPhone Developer";
				CURRENT_PROJECT_VERSION = 1;
				GENERATE_INFOPLIST_FILE = YES;
				INFOPLIST_GENERATION_ENABLED = YES;
				INFOPLIST_KEY_CFBundleDisplayName = MuscleMap;
				INFOPLIST_KEY_UIApplicationSceneManifest_Generation = YES;
				INFOPLIST_KEY_UILaunchScreen_Generation = YES;
				INFOPLIST_KEY_UIRequiresFullScreen = YES;
				INFOPLIST_KEY_UISupportedInterfaceOrientations = UIInterfaceOrientationPortrait;
				LD_RUNPATH_SEARCH_PATHS = (
					"$(inherited)",
					"@executable_path/Frameworks",
				);
				MARKETING_VERSION = 1.0.0;
				PRODUCT_BUNDLE_IDENTIFIER = com.buildinpublic.MuscleMap;
				SDKROOT = iphoneos;
				SWIFT_VERSION = 5.9;
				TARGETED_DEVICE_FAMILY = "1,2";
			};
			name = Debug;
		};
		C21CC6BB9DE9E72E3EC6EC24 /* Release */ = {
			isa = XCBuildConfiguration;
			buildSettings = {
				ALWAYS_SEARCH_USER_PATHS = NO;
				CLANG_ANALYZER_NONNULL = YES;
				CLANG_ANALYZER_NUMBER_OBJECT_CONVERSION = YES_AGGRESSIVE;
				CLANG_CXX_LANGUAGE_STANDARD = "gnu++14";
				CLANG_CXX_LIBRARY = "libc++";
				CLANG_ENABLE_MODULES = YES;
				CLANG_ENABLE_OBJC_ARC = YES;
				CLANG_ENABLE_OBJC_WEAK = YES;
				CLANG_WARN_BLOCK_CAPTURE_AUTORELEASING = YES;
				CLANG_WARN_BOOL_CONVERSION = YES;
				CLANG_WARN_COMMA = YES;
				CLANG_WARN_CONSTANT_CONVERSION = YES;
				CLANG_WARN_DEPRECATED_OBJC_IMPLEMENTATIONS = YES;
				CLANG_WARN_DIRECT_OBJC_ISA_USAGE = YES_ERROR;
				CLANG_WARN_DOCUMENTATION_COMMENTS = YES;
				CLANG_WARN_EMPTY_BODY = YES;
				CLANG_WARN_ENUM_CONVERSION = YES;
				CLANG_WARN_INFINITE_RECURSION = YES;
				CLANG_WARN_INT_CONVERSION = YES;
				CLANG_WARN_NON_LITERAL_NULL_CONVERSION = YES;
				CLANG_WARN_OBJC_IMPLICIT_RETAIN_SELF = YES;
				CLANG_WARN_OBJC_LITERAL_CONVERSION = YES;
				CLANG_WARN_OBJC_ROOT_CLASS = YES_ERROR;
				CLANG_WARN_QUOTED_INCLUDE_IN_FRAMEWORK_HEADER = YES;
				CLANG_WARN_RANGE_LOOP_ANALYSIS = YES;
				CLANG_WARN_STRICT_PROTOTYPES = YES;
				CLANG_WARN_SUSPICIOUS_MOVE = YES;
				CLANG_WARN_UNGUARDED_AVAILABILITY = YES_AGGRESSIVE;
				CLANG_WARN_UNREACHABLE_CODE = YES;
				CLANG_WARN__DUPLICATE_METHOD_MATCH = YES;
				COPY_PHASE_STRIP = NO;
				DEBUG_INFORMATION_FORMAT = "dwarf-with-dsym";
				ENABLE_NS_ASSERTIONS = NO;
				ENABLE_STRICT_OBJC_MSGSEND = YES;
				GCC_C_LANGUAGE_STANDARD = gnu11;
				GCC_NO_COMMON_BLOCKS = YES;
				GCC_WARN_64_TO_32_BIT_CONVERSION = YES;
				GCC_WARN_ABOUT_RETURN_TYPE = YES_ERROR;
				GCC_WARN_UNDECLARED_SELECTOR = YES;
				GCC_WARN_UNINITIALIZED_AUTOS = YES_AGGRESSIVE;
				GCC_WARN_UNUSED_FUNCTION = YES;
				GCC_WARN_UNUSED_VARIABLE = YES;
				IPHONEOS_DEPLOYMENT_TARGET = 17.0;
				MTL_ENABLE_DEBUG_INFO = NO;
				MTL_FAST_MATH = YES;
				PRODUCT_NAME = "$(TARGET_NAME)";
				SDKROOT = iphoneos;
				SWIFT_COMPILATION_MODE = wholemodule;
				SWIFT_OPTIMIZATION_LEVEL = "-O";
				SWIFT_VERSION = 5.0;
			};
			name = Release;
		};
		DA1050AB5B02F7D0B755535C /* Debug */ = {
			isa = XCBuildConfiguration;
			buildSettings = {
				BUNDLE_LOADER = "$(TEST_HOST)";
				GENERATE_INFOPLIST_FILE = YES;
				LD_RUNPATH_SEARCH_PATHS = (
					"$(inherited)",
					"@executable_path/Frameworks",
					"@loader_path/Frameworks",
				);
				PRODUCT_BUNDLE_IDENTIFIER = com.buildinpublic.MuscleMapTests;
				SDKROOT = iphoneos;
				SWIFT_VERSION = 5.9;
				TARGETED_DEVICE_FAMILY = "1,2";
				TEST_HOST = "$(BUILT_PRODUCTS_DIR)/MuscleMap.app/MuscleMap";
			};
			name = Debug;
		};
/* End XCBuildConfiguration section */

/* Begin XCConfigurationList section */
		37D242056B19C59F699E43FB /* Build configuration list for PBXProject "MuscleMap" */ = {
			isa = XCConfigurationList;
			buildConfigurations = (
				2E3486513591B38A85E53952 /* Debug */,
				C21CC6BB9DE9E72E3EC6EC24 /* Release */,
			);
			defaultConfigurationIsVisible = 0;
			defaultConfigurationName = Debug;
		};
		4E8277DE0029C2F092908CEF /* Build configuration list for PBXNativeTarget "MuscleMapWidgetExtension" */ = {
			isa = XCConfigurationList;
			buildConfigurations = (
				AE3083E1858D9268DD243BD1 /* Debug */,
				4F8BB26E4520638962C4D412 /* Release */,
			);
			defaultConfigurationIsVisible = 0;
			defaultConfigurationName = Debug;
		};
		8DAAB8EC553A3DF9C8D4F83D /* Build configuration list for PBXNativeTarget "MuscleMapTests" */ = {
			isa = XCConfigurationList;
			buildConfigurations = (
				DA1050AB5B02F7D0B755535C /* Debug */,
				AA2155A335D972D62CFA0A0C /* Release */,
			);
			defaultConfigurationIsVisible = 0;
			defaultConfigurationName = Debug;
		};
		96807741AED628803A4DBC93 /* Build configuration list for PBXNativeTarget "MuscleMap" */ = {
			isa = XCConfigurationList;
			buildConfigurations = (
				B99BC0B721C6B08C39D7C1D5 /* Debug */,
				7B4089EEE01117B262ECE57A /* Release */,
			);
			defaultConfigurationIsVisible = 0;
			defaultConfigurationName = Debug;
		};
/* End XCConfigurationList section */

/* Begin XCRemoteSwiftPackageReference section */
		C338FCD0C51B2BF5FE217F91 /* XCRemoteSwiftPackageReference "purchases-ios-spm" */ = {
			isa = XCRemoteSwiftPackageReference;
			repositoryURL = "https://github.com/RevenueCat/purchases-ios-spm.git";
			requirement = {
				kind = upToNextMajorVersion;
				minimumVersion = 5.0.0;
			};
		};
/* End XCRemoteSwiftPackageReference section */

/* Begin XCSwiftPackageProductDependency section */
		3862F42F7A39E887709274F3 /* RevenueCat */ = {
			isa = XCSwiftPackageProductDependency;
			package = C338FCD0C51B2BF5FE217F91 /* XCRemoteSwiftPackageReference "purchases-ios-spm" */;
			productName = RevenueCat;
		};
/* End XCSwiftPackageProductDependency section */
	};
	rootObject = 40DD13D39E6CE44FF2E8E223 /* Project object */;
}
